# THIS IS AN AUTOGENERATED FILE. DO NOT EDIT THIS FILE DIRECTLY.
# yarn lockfile v1


"@rollup/rollup-darwin-arm64@4.44.0":
  version "4.44.0"
  resolved "https://registry.yarnpkg.com/@rollup/rollup-darwin-arm64/-/rollup-darwin-arm64-4.44.0.tgz#60a51a61b22b1f4fdf97b4adf5f0f447f492759d"
  integrity sha512-VGF3wy0Eq1gcEIkSCr8Ke03CWT+Pm2yveKLaDvq51pPpZza3JX/ClxXOCmTYYq3us5MvEuNRTaeyFThCKRQhOA==

"@rollup/rollup-darwin-x64@4.44.0":
  version "4.44.0"
  resolved "https://registry.yarnpkg.com/@rollup/rollup-darwin-x64/-/rollup-darwin-x64-4.44.0.tgz#bfe3059440f7032de11e749ece868cd7f232e609"
  integrity sha512-fBkyrDhwquRvrTxSGH/qqt3/T0w5Rg0L7ZIDypvBPc1/gzjJle6acCpZ36blwuwcKD/u6oCE/sRWlUAcxLWQbQ==

"@rollup/rollup-linux-arm64-gnu@4.44.0":
  version "4.44.0"
  resolved "https://registry.yarnpkg.com/@rollup/rollup-linux-arm64-gnu/-/rollup-linux-arm64-gnu-4.44.0.tgz#dbc5036a85e3ca3349887c8bdbebcfd011e460b0"
  integrity sha512-ZTR2mxBHb4tK4wGf9b8SYg0Y6KQPjGpR4UWwTFdnmjB4qRtoATZ5dWn3KsDwGa5Z2ZBOE7K52L36J9LueKBdOQ==

"@rollup/rollup-linux-arm64-musl@4.44.0":
  version "4.44.0"
  resolved "https://registry.yarnpkg.com/@rollup/rollup-linux-arm64-musl/-/rollup-linux-arm64-musl-4.44.0.tgz#72efc633aa0b93531bdfc69d70bcafa88e6152fc"
  integrity sha512-GFWfAhVhWGd4r6UxmnKRTBwP1qmModHtd5gkraeW2G490BpFOZkFtem8yuX2NyafIP/mGpRJgTJ2PwohQkUY/Q==

"@rollup/rollup-linux-x64-gnu@4.44.0":
  version "4.44.0"
  resolved "https://registry.yarnpkg.com/@rollup/rollup-linux-x64-gnu/-/rollup-linux-x64-gnu-4.44.0.tgz#597d40f60d4b15bedbbacf2491a69c5b67a58e93"
  integrity sha512-iUVJc3c0o8l9Sa/qlDL2Z9UP92UZZW1+EmQ4xfjTc1akr0iUFZNfxrXJ/R1T90h/ILm9iXEY6+iPrmYB3pXKjw==

"@rollup/rollup-linux-x64-musl@4.44.0":
  version "4.44.0"
  resolved "https://registry.yarnpkg.com/@rollup/rollup-linux-x64-musl/-/rollup-linux-x64-musl-4.44.0.tgz#0a062d6fee35ec4fbb607b2a9d933a9372ccf63a"
  integrity sha512-PQUobbhLTQT5yz/SPg116VJBgz+XOtXt8D1ck+sfJJhuEsMj2jSej5yTdp8CvWBSceu+WW+ibVL6dm0ptG5fcA==

"@rollup/rollup-win32-arm64-msvc@4.44.0":
  version "4.44.0"
  resolved "https://registry.yarnpkg.com/@rollup/rollup-win32-arm64-msvc/-/rollup-win32-arm64-msvc-4.44.0.tgz#41ffab489857987c75385b0fc8cccf97f7e69d0a"
  integrity sha512-M0CpcHf8TWn+4oTxJfh7LQuTuaYeXGbk0eageVjQCKzYLsajWS/lFC94qlRqOlyC2KvRT90ZrfXULYmukeIy7w==

"@rollup/rollup-win32-x64-msvc@4.44.0":
  version "4.44.0"
  resolved "https://registry.yarnpkg.com/@rollup/rollup-win32-x64-msvc/-/rollup-win32-x64-msvc-4.44.0.tgz#a36e79b6ccece1533f777a1bca1f89c13f0c5f62"
  integrity sha512-Q2Mgwt+D8hd5FIPUuPDsvPR7Bguza6yTkJxspDGkZj7tBRn2y4KSWYuIXpftFSjBra76TbKerCV7rgFPQrn+wQ==

"@stencil/core@^4.0.0":
  version "4.43.5"
  resolved "https://registry.yarnpkg.com/@stencil/core/-/core-4.43.5.tgz#a18542bc2d8fda1f8f6098f63d266f18e3f1eb11"
  integrity sha512-cgWD+GeuvJpTe1WQn40p02+BJ2j0j1YJ17GdkF2qKIQ23s2e3Zivq5yISXS3dcuV6oUJFN93jprdk+nk/sq99Q==
  optionalDependencies:
    "@rollup/rollup-darwin-arm64" "4.44.0"
    "@rollup/rollup-darwin-x64" "4.44.0"
    "@rollup/rollup-linux-arm64-gnu" "4.44.0"
    "@rollup/rollup-linux-arm64-musl" "4.44.0"
    "@rollup/rollup-linux-x64-gnu" "4.44.0"
    "@rollup/rollup-linux-x64-musl" "4.44.0"
    "@rollup/rollup-win32-arm64-msvc" "4.44.0"
    "@rollup/rollup-win32-x64-msvc" "4.44.0"

prettier@^3.0.0:
  version "3.9.6"
  resolved "https://registry.yarnpkg.com/prettier/-/prettier-3.9.6.tgz#b3ea5146515d40fc53f18aa63f74dfab1e10dbf6"
  integrity sha512-OpN0zzVdiaiAhxpuuj5efpIS4sY9j7bY6uR5mnj5yPzGkdkjNKSJeUThPb60Jw29QuAZgA4o+/iB49kFiaBX6g==
